
Microsoft Visual Studio Solution File, Format Version 12.00
# Visual Studio 15
VisualStudioVersion = 15.0.27130.2036
MinimumVisualStudioVersion = 10.0.40219.1
Project("{2150E333-8FDC-42A3-9474-1A3956D46DE8}") = "01 Server", "01 Server", "{EF18C5E5-7B53-44F0-8761-5E27771514BF}"
EndProject
Project("{2150E333-8FDC-42A3-9474-1A3956D46DE8}") = "02 Service", "02 Service", "{3543DDCA-1169-452C-9515-26F638201162}"
EndProject
Project("{2150E333-8FDC-42A3-9474-1A3956D46DE8}") = "03 Repository", "03 Repository", "{A3F889C8-FF75-4066-A301-9BE97CA5EE38}"
EndProject
Project("{2150E333-8FDC-42A3-9474-1A3956D46DE8}") = "04 Model", "04 Model", "{7A3C5D14-A427-410A-8801-0CA4800558F1}"
EndProject
Project("{FAE04EC0-301F-11D3-BF4B-00C04F79EFBC}") = "Lbl.Service", "Lbl.Service\Lbl.Service.csproj", "{22ECCB5F-A549-4131-8EBC-B08E9DFA0588}"
EndProject
Project("{FAE04EC0-301F-11D3-BF4B-00C04F79EFBC}") = "Lbl.Repository", "Lbl.Repository\Lbl.Repository.csproj", "{2886B964-063F-4E2C-B9D2-BE38816AD24E}"
EndProject
Project("{FAE04EC0-301F-11D3-BF4B-00C04F79EFBC}") = "Lbl.Model", "Lbl.Model\Lbl.Model.csproj", "{97B783DD-FCFE-4C26-A49C-C55973F9240F}"
EndProject
Project("{FAE04EC0-301F-11D3-BF4B-00C04F79EFBC}") = "Lbl.RequestModel", "Lbl.RequestModel\Lbl.RequestModel.csproj", "{AD115C1D-3EBA-4035-A54A-8C3BFE4D15BA}"
EndProject
Project("{FAE04EC0-301F-11D3-BF4B-00C04F79EFBC}") = "Lbl.ViewModel", "Lbl.ViewModel\Lbl.ViewModel.csproj", "{BD69371F-5AD7-4ADD-A301-0A1EFF1D38E3}"
EndProject
Project("{FAE04EC0-301F-11D3-BF4B-00C04F79EFBC}") = "Lbl.MongoRepository", "Lbl.MongoRepository\Lbl.MongoRepository.csproj", "{F3A2CC2E-9040-4D67-A301-3459AC60B66C}"
EndProject
Project("{FAE04EC0-301F-11D3-BF4B-00C04F79EFBC}") = "LBL.ServerT1", "LBL.ServerT1\LBL.ServerT1.csproj", "{E3920245-3B5E-49FF-8A38-0AF9D32C40F1}"
EndProject
Project("{FAE04EC0-301F-11D3-BF4B-00C04F79EFBC}") = "Lbl.IdentityModel", "Lbl.IdentityModel\Lbl.IdentityModel.csproj", "{C3373BCC-363A-4767-A153-136C68CFEF4D}"
EndProject
Global
	GlobalSection(SolutionConfigurationPlatforms) = preSolution
		Debug|Any CPU = Debug|Any CPU
		Release|Any CPU = Release|Any CPU
	EndGlobalSection
	GlobalSection(ProjectConfigurationPlatforms) = postSolution
		{22ECCB5F-A549-4131-8EBC-B08E9DFA0588}.Debug|Any CPU.ActiveCfg = Debug|Any CPU
		{22ECCB5F-A549-4131-8EBC-B08E9DFA0588}.Debug|Any CPU.Build.0 = Debug|Any CPU
		{22ECCB5F-A549-4131-8EBC-B08E9DFA0588}.Release|Any CPU.ActiveCfg = Release|Any CPU
		{22ECCB5F-A549-4131-8EBC-B08E9DFA0588}.Release|Any CPU.Build.0 = Release|Any CPU
		{2886B964-063F-4E2C-B9D2-BE38816AD24E}.Debug|Any CPU.ActiveCfg = Debug|Any CPU
		{2886B964-063F-4E2C-B9D2-BE38816AD24E}.Debug|Any CPU.Build.0 = Debug|Any CPU
		{2886B964-063F-4E2C-B9D2-BE38816AD24E}.Release|Any CPU.ActiveCfg = Release|Any CPU
		{2886B964-063F-4E2C-B9D2-BE38816AD24E}.Release|Any CPU.Build.0 = Release|Any CPU
		{97B783DD-FCFE-4C26-A49C-C55973F9240F}.Debug|Any CPU.ActiveCfg = Debug|Any CPU
		{97B783DD-FCFE-4C26-A49C-C55973F9240F}.Debug|Any CPU.Build.0 = Debug|Any CPU
		{97B783DD-FCFE-4C26-A49C-C55973F9240F}.Release|Any CPU.ActiveCfg = Release|Any CPU
		{97B783DD-FCFE-4C26-A49C-C55973F9240F}.Release|Any CPU.Build.0 = Release|Any CPU
		{AD115C1D-3EBA-4035-A54A-8C3BFE4D15BA}.Debug|Any CPU.ActiveCfg = Debug|Any CPU
		{AD115C1D-3EBA-4035-A54A-8C3BFE4D15BA}.Debug|Any CPU.Build.0 = Debug|Any CPU
		{AD115C1D-3EBA-4035-A54A-8C3BFE4D15BA}.Release|Any CPU.ActiveCfg = Release|Any CPU
		{AD115C1D-3EBA-4035-A54A-8C3BFE4D15BA}.Release|Any CPU.Build.0 = Release|Any CPU
		{BD69371F-5AD7-4ADD-A301-0A1EFF1D38E3}.Debug|Any CPU.ActiveCfg = Debug|Any CPU
		{BD69371F-5AD7-4ADD-A301-0A1EFF1D38E3}.Debug|Any CPU.Build.0 = Debug|Any CPU
		{BD69371F-5AD7-4ADD-A301-0A1EFF1D38E3}.Release|Any CPU.ActiveCfg = Release|Any CPU
		{BD69371F-5AD7-4ADD-A301-0A1EFF1D38E3}.Release|Any CPU.Build.0 = Release|Any CPU
		{F3A2CC2E-9040-4D67-A301-3459AC60B66C}.Debug|Any CPU.ActiveCfg = Debug|Any CPU
		{F3A2CC2E-9040-4D67-A301-3459AC60B66C}.Debug|Any CPU.Build.0 = Debug|Any CPU
		{F3A2CC2E-9040-4D67-A301-3459AC60B66C}.Release|Any CPU.ActiveCfg = Release|Any CPU
		{F3A2CC2E-9040-4D67-A301-3459AC60B66C}.Release|Any CPU.Build.0 = Release|Any CPU
		{E3920245-3B5E-49FF-8A38-0AF9D32C40F1}.Debug|Any CPU.ActiveCfg = Debug|Any CPU
		{E3920245-3B5E-49FF-8A38-0AF9D32C40F1}.Debug|Any CPU.Build.0 = Debug|Any CPU
		{E3920245-3B5E-49FF-8A38-0AF9D32C40F1}.Release|Any CPU.ActiveCfg = Release|Any CPU
		{E3920245-3B5E-49FF-8A38-0AF9D32C40F1}.Release|Any CPU.Build.0 = Release|Any CPU
		{C3373BCC-363A-4767-A153-136C68CFEF4D}.Debug|Any CPU.ActiveCfg = Debug|Any CPU
		{C3373BCC-363A-4767-A153-136C68CFEF4D}.Debug|Any CPU.Build.0 = Debug|Any CPU
		{C3373BCC-363A-4767-A153-136C68CFEF4D}.Release|Any CPU.ActiveCfg = Release|Any CPU
		{C3373BCC-363A-4767-A153-136C68CFEF4D}.Release|Any CPU.Build.0 = Release|Any CPU
	EndGlobalSection
	GlobalSection(SolutionProperties) = preSolution
		HideSolutionNode = FALSE
	EndGlobalSection
	GlobalSection(NestedProjects) = preSolution
		{22ECCB5F-A549-4131-8EBC-B08E9DFA0588} = {3543DDCA-1169-452C-9515-26F638201162}
		{2886B964-063F-4E2C-B9D2-BE38816AD24E} = {A3F889C8-FF75-4066-A301-9BE97CA5EE38}
		{97B783DD-FCFE-4C26-A49C-C55973F9240F} = {7A3C5D14-A427-410A-8801-0CA4800558F1}
		{AD115C1D-3EBA-4035-A54A-8C3BFE4D15BA} = {7A3C5D14-A427-410A-8801-0CA4800558F1}
		{BD69371F-5AD7-4ADD-A301-0A1EFF1D38E3} = {7A3C5D14-A427-410A-8801-0CA4800558F1}
		{F3A2CC2E-9040-4D67-A301-3459AC60B66C} = {A3F889C8-FF75-4066-A301-9BE97CA5EE38}
		{E3920245-3B5E-49FF-8A38-0AF9D32C40F1} = {EF18C5E5-7B53-44F0-8761-5E27771514BF}
		{C3373BCC-363A-4767-A153-136C68CFEF4D} = {7A3C5D14-A427-410A-8801-0CA4800558F1}
	EndGlobalSection
	GlobalSection(ExtensibilityGlobals) = postSolution
		SolutionGuid = {48B8FB82-6FC0-440B-85EF-9CB0A35A618F}
	EndGlobalSection
EndGlobal
